{
  "name": "samgong",
  "lockfileVersion": 3,
  "requires": true,
  "packages": {
    "": {
      "dependencies": {
        "sweetalert2": "^11.26.13"
      }
    },
    "node_modules/sweetalert2": {
      "version": "11.26.13",
      "resolved": "https://registry.npmjs.org/sweetalert2/-/sweetalert2-11.26.13.tgz",
      "integrity": "sha512-AHzNqeKuSoO9F+q3JMTvX52m9/EOjxxwJswmRMyp3ZBty+v2FuMdE0ZK2UQn6+/+czzIN2erWGjd+GpCIkGLlA==",
      "license": "MIT",
      "funding": {
        "type": "individual",
        "url": "https://github.com/sponsors/limonte"
      }
    }
  }
}
